
Microsoft Visual Studio Solution File, Format Version 12.00
# Visual Studio 15
VisualStudioVersion = 15.0.27004.2008
MinimumVisualStudioVersion = 10.0.40219.1
Project("{FAE04EC0-301F-11D3-BF4B-00C04F79EFBC}") = "TMDBMobile.Android", "TMDBMobile\TMDBMobile.Android\TMDBMobile.Android.csproj", "{F493F54E-A806-4DE2-B83E-6AB36DA78724}"
EndProject
Project("{FAE04EC0-301F-11D3-BF4B-00C04F79EFBC}") = "TMDBMobile.iOS", "TMDBMobile\TMDBMobile.iOS\TMDBMobile.iOS.csproj", "{D6260C94-0C45-44FC-8337-C80B36CABA18}"
EndProject
Project("{FAE04EC0-301F-11D3-BF4B-00C04F79EFBC}") = "TMDBMobile.Core", "TMDBMobile.Core\TMDBMobile.Core.csproj", "{5F3E2943-8CD8-4ED1-9606-846282357B80}"
EndProject
Global
	GlobalSection(SolutionConfigurationPlatforms) = preSolution
		Ad-Hoc|Any CPU = Ad-Hoc|Any CPU
		Ad-Hoc|iPhone = Ad-Hoc|iPhone
		Ad-Hoc|iPhoneSimulator = Ad-Hoc|iPhoneSimulator
		AppStore|Any CPU = AppStore|Any CPU
		AppStore|iPhone = AppStore|iPhone
		AppStore|iPhoneSimulator = AppStore|iPhoneSimulator
		Debug|Any CPU = Debug|Any CPU
		Debug|iPhone = Debug|iPhone
		Debug|iPhoneSimulator = Debug|iPhoneSimulator
		Release|Any CPU = Release|Any CPU
		Release|iPhone = Release|iPhone
		Release|iPhoneSimulator = Release|iPhoneSimulator
	EndGlobalSection
	GlobalSection(ProjectConfigurationPlatforms) = postSolution
		{F493F54E-A806-4DE2-B83E-6AB36DA78724}.Ad-Hoc|Any CPU.ActiveCfg = Release|Any CPU
		{F493F54E-A806-4DE2-B83E-6AB36DA78724}.Ad-Hoc|Any CPU.Build.0 = Release|Any CPU
		{F493F54E-A806-4DE2-B83E-6AB36DA78724}.Ad-Hoc|Any CPU.Deploy.0 = Release|Any CPU
		{F493F54E-A806-4DE2-B83E-6AB36DA78724}.Ad-Hoc|iPhone.ActiveCfg = Release|Any CPU
		{F493F54E-A806-4DE2-B83E-6AB36DA78724}.Ad-Hoc|iPhone.Build.0 = Release|Any CPU
		{F493F54E-A806-4DE2-B83E-6AB36DA78724}.Ad-Hoc|iPhone.Deploy.0 = Release|Any CPU
		{F493F54E-A806-4DE2-B83E-6AB36DA78724}.Ad-Hoc|iPhoneSimulator.ActiveCfg = Release|Any CPU
		{F493F54E-A806-4DE2-B83E-6AB36DA78724}.Ad-Hoc|iPhoneSimulator.Build.0 = Release|Any CPU
		{F493F54E-A806-4DE2-B83E-6AB36DA78724}.Ad-Hoc|iPhoneSimulator.Deploy.0 = Release|Any CPU
		{F493F54E-A806-4DE2-B83E-6AB36DA78724}.AppStore|Any CPU.ActiveCfg = Release|Any CPU
		{F493F54E-A806-4DE2-B83E-6AB36DA78724}.AppStore|Any CPU.Build.0 = Release|Any CPU
		{F493F54E-A806-4DE2-B83E-6AB36DA78724}.AppStore|Any CPU.Deploy.0 = Release|Any CPU
		{F493F54E-A806-4DE2-B83E-6AB36DA78724}.AppStore|iPhone.ActiveCfg = Release|Any CPU
		{F493F54E-A806-4DE2-B83E-6AB36DA78724}.AppStore|iPhone.Build.0 = Release|Any CPU
		{F493F54E-A806-4DE2-B83E-6AB36DA78724}.AppStore|iPhone.Deploy.0 = Release|Any CPU
		{F493F54E-A806-4DE2-B83E-6AB36DA78724}.AppStore|iPhoneSimulator.ActiveCfg = Release|Any CPU
		{F493F54E-A806-4DE2-B83E-6AB36DA78724}.AppStore|iPhoneSimulator.Build.0 = Release|Any CPU
		{F493F54E-A806-4DE2-B83E-6AB36DA78724}.AppStore|iPhoneSimulator.Deploy.0 = Release|Any CPU
		{F493F54E-A806-4DE2-B83E-6AB36DA78724}.Debug|Any CPU.ActiveCfg = Debug|Any CPU
		{F493F54E-A806-4DE2-B83E-6AB36DA78724}.Debug|Any CPU.Build.0 = Debug|Any CPU
		{F493F54E-A806-4DE2-B83E-6AB36DA78724}.Debug|Any CPU.Deploy.0 = Debug|Any CPU
		{F493F54E-A806-4DE2-B83E-6AB36DA78724}.Debug|iPhone.ActiveCfg = Debug|Any CPU
		{F493F54E-A806-4DE2-B83E-6AB36DA78724}.Debug|iPhone.Build.0 = Debug|Any CPU
		{F493F54E-A806-4DE2-B83E-6AB36DA78724}.Debug|iPhone.Deploy.0 = Debug|Any CPU
		{F493F54E-A806-4DE2-B83E-6AB36DA78724}.Debug|iPhoneSimulator.ActiveCfg = Debug|Any CPU
		{F493F54E-A806-4DE2-B83E-6AB36DA78724}.Debug|iPhoneSimulator.Build.0 = Debug|Any CPU
		{F493F54E-A806-4DE2-B83E-6AB36DA78724}.Debug|iPhoneSimulator.Deploy.0 = Debug|Any CPU
		{F493F54E-A806-4DE2-B83E-6AB36DA78724}.Release|Any CPU.ActiveCfg = Release|Any CPU
		{F493F54E-A806-4DE2-B83E-6AB36DA78724}.Release|Any CPU.Build.0 = Release|Any CPU
		{F493F54E-A806-4DE2-B83E-6AB36DA78724}.Release|Any CPU.Deploy.0 = Release|Any CPU
		{F493F54E-A806-4DE2-B83E-6AB36DA78724}.Release|iPhone.ActiveCfg = Release|Any CPU
		{F493F54E-A806-4DE2-B83E-6AB36DA78724}.Release|iPhone.Build.0 = Release|Any CPU
		{F493F54E-A806-4DE2-B83E-6AB36DA78724}.Release|iPhone.Deploy.0 = Release|Any CPU
		{F493F54E-A806-4DE2-B83E-6AB36DA78724}.Release|iPhoneSimulator.ActiveCfg = Release|Any CPU
		{F493F54E-A806-4DE2-B83E-6AB36DA78724}.Release|iPhoneSimulator.Build.0 = Release|Any CPU
		{F493F54E-A806-4DE2-B83E-6AB36DA78724}.Release|iPhoneSimulator.Deploy.0 = Release|Any CPU
		{D6260C94-0C45-44FC-8337-C80B36CABA18}.Ad-Hoc|Any CPU.ActiveCfg = Ad-Hoc|iPhoneSimulator
		{D6260C94-0C45-44FC-8337-C80B36CABA18}.Ad-Hoc|iPhone.ActiveCfg = Ad-Hoc|iPhone
		{D6260C94-0C45-44FC-8337-C80B36CABA18}.Ad-Hoc|iPhone.Build.0 = Ad-Hoc|iPhone
		{D6260C94-0C45-44FC-8337-C80B36CABA18}.Ad-Hoc|iPhoneSimulator.ActiveCfg = Ad-Hoc|iPhoneSimulator
		{D6260C94-0C45-44FC-8337-C80B36CABA18}.Ad-Hoc|iPhoneSimulator.Build.0 = Ad-Hoc|iPhoneSimulator
		{D6260C94-0C45-44FC-8337-C80B36CABA18}.AppStore|Any CPU.ActiveCfg = AppStore|iPhoneSimulator
		{D6260C94-0C45-44FC-8337-C80B36CABA18}.AppStore|iPhone.ActiveCfg = AppStore|iPhone
		{D6260C94-0C45-44FC-8337-C80B36CABA18}.AppStore|iPhone.Build.0 = AppStore|iPhone
		{D6260C94-0C45-44FC-8337-C80B36CABA18}.AppStore|iPhoneSimulator.ActiveCfg = AppStore|iPhoneSimulator
		{D6260C94-0C45-44FC-8337-C80B36CABA18}.AppStore|iPhoneSimulator.Build.0 = AppStore|iPhoneSimulator
		{D6260C94-0C45-44FC-8337-C80B36CABA18}.Debug|Any CPU.ActiveCfg = Debug|iPhoneSimulator
		{D6260C94-0C45-44FC-8337-C80B36CABA18}.Debug|iPhone.ActiveCfg = Debug|iPhone
		{D6260C94-0C45-44FC-8337-C80B36CABA18}.Debug|iPhone.Build.0 = Debug|iPhone
		{D6260C94-0C45-44FC-8337-C80B36CABA18}.Debug|iPhoneSimulator.ActiveCfg = Debug|iPhoneSimulator
		{D6260C94-0C45-44FC-8337-C80B36CABA18}.Debug|iPhoneSimulator.Build.0 = Debug|iPhoneSimulator
		{D6260C94-0C45-44FC-8337-C80B36CABA18}.Release|Any CPU.ActiveCfg = Release|iPhoneSimulator
		{D6260C94-0C45-44FC-8337-C80B36CABA18}.Release|iPhone.ActiveCfg = Release|iPhone
		{D6260C94-0C45-44FC-8337-C80B36CABA18}.Release|iPhone.Build.0 = Release|iPhone
		{D6260C94-0C45-44FC-8337-C80B36CABA18}.Release|iPhoneSimulator.ActiveCfg = Release|iPhoneSimulator
		{D6260C94-0C45-44FC-8337-C80B36CABA18}.Release|iPhoneSimulator.Build.0 = Release|iPhoneSimulator
		{5F3E2943-8CD8-4ED1-9606-846282357B80}.Ad-Hoc|Any CPU.ActiveCfg = Debug|Any CPU
		{5F3E2943-8CD8-4ED1-9606-846282357B80}.Ad-Hoc|Any CPU.Build.0 = Debug|Any CPU
		{5F3E2943-8CD8-4ED1-9606-846282357B80}.Ad-Hoc|iPhone.ActiveCfg = Debug|Any CPU
		{5F3E2943-8CD8-4ED1-9606-846282357B80}.Ad-Hoc|iPhone.Build.0 = Debug|Any CPU
		{5F3E2943-8CD8-4ED1-9606-846282357B80}.Ad-Hoc|iPhoneSimulator.ActiveCfg = Debug|Any CPU
		{5F3E2943-8CD8-4ED1-9606-846282357B80}.Ad-Hoc|iPhoneSimulator.Build.0 = Debug|Any CPU
		{5F3E2943-8CD8-4ED1-9606-846282357B80}.AppStore|Any CPU.ActiveCfg = Debug|Any CPU
		{5F3E2943-8CD8-4ED1-9606-846282357B80}.AppStore|Any CPU.Build.0 = Debug|Any CPU
		{5F3E2943-8CD8-4ED1-9606-846282357B80}.AppStore|iPhone.ActiveCfg = Debug|Any CPU
		{5F3E2943-8CD8-4ED1-9606-846282357B80}.AppStore|iPhone.Build.0 = Debug|Any CPU
		{5F3E2943-8CD8-4ED1-9606-846282357B80}.AppStore|iPhoneSimulator.ActiveCfg = Debug|Any CPU
		{5F3E2943-8CD8-4ED1-9606-846282357B80}.AppStore|iPhoneSimulator.Build.0 = Debug|Any CPU
		{5F3E2943-8CD8-4ED1-9606-846282357B80}.Debug|Any CPU.ActiveCfg = Debug|Any CPU
		{5F3E2943-8CD8-4ED1-9606-846282357B80}.Debug|Any CPU.Build.0 = Debug|Any CPU
		{5F3E2943-8CD8-4ED1-9606-846282357B80}.Debug|iPhone.ActiveCfg = Debug|Any CPU
		{5F3E2943-8CD8-4ED1-9606-846282357B80}.Debug|iPhone.Build.0 = Debug|Any CPU
		{5F3E2943-8CD8-4ED1-9606-846282357B80}.Debug|iPhoneSimulator.ActiveCfg = Debug|Any CPU
		{5F3E2943-8CD8-4ED1-9606-846282357B80}.Debug|iPhoneSimulator.Build.0 = Debug|Any CPU
		{5F3E2943-8CD8-4ED1-9606-846282357B80}.Release|Any CPU.ActiveCfg = Release|Any CPU
		{5F3E2943-8CD8-4ED1-9606-846282357B80}.Release|Any CPU.Build.0 = Release|Any CPU
		{5F3E2943-8CD8-4ED1-9606-846282357B80}.Release|iPhone.ActiveCfg = Release|Any CPU
		{5F3E2943-8CD8-4ED1-9606-846282357B80}.Release|iPhone.Build.0 = Release|Any CPU
		{5F3E2943-8CD8-4ED1-9606-846282357B80}.Release|iPhoneSimulator.ActiveCfg = Release|Any CPU
		{5F3E2943-8CD8-4ED1-9606-846282357B80}.Release|iPhoneSimulator.Build.0 = Release|Any CPU
	EndGlobalSection
	GlobalSection(SolutionProperties) = preSolution
		HideSolutionNode = FALSE
	EndGlobalSection
	GlobalSection(ExtensibilityGlobals) = postSolution
		SolutionGuid = {792768D6-1F03-455C-96FC-AC21912436E6}
	EndGlobalSection
EndGlobal
